{
  "nodes": {
    "flake-parts": {
      "inputs": {
        "nixpkgs-lib": "nixpkgs-lib"
      },
      "locked": {
        "lastModified": 1769996383,
        "narHash": "sha256-AnYjnFWgS49RlqX7LrC4uA+sCCDBj0Ry/WOJ5XWAsa0=",
        "owner": "hercules-ci",
        "repo": "flake-parts",
        "rev": "57928607ea566b5db3ad13af0e57e921e6b12381",
        "type": "github"
      },
      "original": {
        "owner": "hercules-ci",
        "repo": "flake-parts",
        "type": "github"
      }
    },
    "kmod-ci": {
      "locked": {
        "lastModified": 1772151330,
        "narHash": "sha256-rY/nrQYJbcInDn22gAztRa+dm7Yz+R9RTOTllHB8Ot8=",
        "owner": "sielicki",
        "repo": "kmod-ci",
        "rev": "be844004e80c31598ae6ecef81824f45d0e9bb3f",
        "type": "github"
      },
      "original": {
        "owner": "sielicki",
        "repo": "kmod-ci",
        "type": "github"
      }
    },
    "nixpkgs": {
      "locked": {
        "lastModified": 1772150971,
        "narHash": "sha256-nUJWQxihmYsMAGHGhOclhOYoLObxFMvFSAGPy+8Kn2c=",
        "owner": "NixOS",
        "repo": "nixpkgs",
        "rev": "209a1492a121a0d4fdbbe7856fef24851e4d6ca9",
        "type": "github"
      },
      "original": {
        "owner": "NixOS",
        "repo": "nixpkgs",
        "type": "github"
      }
    },
    "nixpkgs-lib": {
      "locked": {
        "lastModified": 1769909678,
        "narHash": "sha256-cBEymOf4/o3FD5AZnzC3J9hLbiZ+QDT/KDuyHXVJOpM=",
        "owner": "nix-community",
        "repo": "nixpkgs.lib",
        "rev": "72716169fe93074c333e8d0173151350670b824c",
        "type": "github"
      },
      "original": {
        "owner": "nix-community",
        "repo": "nixpkgs.lib",
        "type": "github"
      }
    },
    "root": {
      "inputs": {
        "flake-parts": "flake-parts",
        "kmod-ci": "kmod-ci",
        "nixpkgs": "nixpkgs"
      }
    }
  },
  "root": "root",
  "version": 7
}
