{
  "nodes": {
    "flake-parts": {
      "inputs": {
        "nixpkgs-lib": "nixpkgs-lib"
      },
      "locked": {
        "lastModified": 1769996383,
        "narHash": "sha256-AnYjnFWgS49RlqX7LrC4uA+sCCDBj0Ry/WOJ5XWAsa0=",
        "owner": "hercules-ci",
        "repo": "flake-parts",
        "rev": "57928607ea566b5db3ad13af0e57e921e6b12381",
        "type": "github"
      },
      "original": {
        "owner": "hercules-ci",
        "repo": "flake-parts",
        "type": "github"
      }
    },
    "kmod-ci": {
      "locked": {
        "lastModified": 1772136756,
        "narHash": "sha256-SQZZIQTI6GbfwC3vgoXuAKn3RLLWg3KtkkG7qmjvDHM=",
        "owner": "sielicki",
        "repo": "kmod-ci",
        "rev": "900ce242efa7510b76ae162908d40e58cc565777",
        "type": "github"
      },
      "original": {
        "owner": "sielicki",
        "repo": "kmod-ci",
        "type": "github"
      }
    },
    "nixpkgs": {
      "locked": {
        "lastModified": 1772136316,
        "narHash": "sha256-f+7Up2tJE2U7N+FVws339tGm1UkSNBt0qckEUuZ8cIA=",
        "owner": "NixOS",
        "repo": "nixpkgs",
        "rev": "f3093f6ab5987f82aacd85771930a61cb5bcf4c1",
        "type": "github"
      },
      "original": {
        "owner": "NixOS",
        "repo": "nixpkgs",
        "type": "github"
      }
    },
    "nixpkgs-lib": {
      "locked": {
        "lastModified": 1769909678,
        "narHash": "sha256-cBEymOf4/o3FD5AZnzC3J9hLbiZ+QDT/KDuyHXVJOpM=",
        "owner": "nix-community",
        "repo": "nixpkgs.lib",
        "rev": "72716169fe93074c333e8d0173151350670b824c",
        "type": "github"
      },
      "original": {
        "owner": "nix-community",
        "repo": "nixpkgs.lib",
        "type": "github"
      }
    },
    "root": {
      "inputs": {
        "flake-parts": "flake-parts",
        "kmod-ci": "kmod-ci",
        "nixpkgs": "nixpkgs"
      }
    }
  },
  "root": "root",
  "version": 7
}
